
Microsoft Visual Studio Solution File, Format Version 12.00
# Visual Studio Version 16
VisualStudioVersion = 16.0.29609.76
MinimumVisualStudioVersion = 10.0.40219.1
Project("{FAE04EC0-301F-11D3-BF4B-00C04F79EFBC}") = "PingPong", "PingPong\PingPong.csproj", "{7C37AC62-1B7B-4191-AA95-92E7DA6E1337}"
EndProject
Global
	GlobalSection(SolutionConfigurationPlatforms) = preSolution
		Debug|Any CPU = Debug|Any CPU
		Release|Any CPU = Release|Any CPU
	EndGlobalSection
	GlobalSection(ProjectConfigurationPlatforms) = postSolution
		{7C37AC62-1B7B-4191-AA95-92E7DA6E1337}.Debug|Any CPU.ActiveCfg = Debug|Any CPU
		{7C37AC62-1B7B-4191-AA95-92E7DA6E1337}.Debug|Any CPU.Build.0 = Debug|Any CPU
		{7C37AC62-1B7B-4191-AA95-92E7DA6E1337}.Release|Any CPU.ActiveCfg = Release|Any CPU
		{7C37AC62-1B7B-4191-AA95-92E7DA6E1337}.Release|Any CPU.Build.0 = Release|Any CPU
	EndGlobalSection
	GlobalSection(SolutionProperties) = preSolution
		HideSolutionNode = FALSE
	EndGlobalSection
	GlobalSection(ExtensibilityGlobals) = postSolution
		SolutionGuid = {613A6E68-9CAA-41E8-8439-A4F00D6B158B}
	EndGlobalSection
EndGlobal
